<?xml version="1.0" encoding="UTF-8" standalone="yes" ?>
<CodeBlocks_project_file>
	<FileVersion major="1" minor="6" />
	<Project>
		<Option title="PBox" />
		<Option pch_mode="2" />
		<Option compiler="gcc" />
		<Build>
			<Target title="Debug">
				<Option output="bin/Debug/PBox" prefix_auto="1" extension_auto="1" />
				<Option object_output="obj/Debug/" />
				<Option type="1" />
				<Option compiler="gcc" />
				<Compiler>
					<Add option="-g" />
					<Add directory="../Common_12.18.2015/OpenGL/OGX/Source" />
				</Compiler>
				<Linker>
					<Add library="libgdiplus" />
				</Linker>
			</Target>
			<Target title="Release">
				<Option output="bin/Release/PBox" prefix_auto="1" extension_auto="1" />
				<Option object_output="obj/Release/" />
				<Option type="0" />
				<Option compiler="gcc" />
				<Compiler>
					<Add option="-O2" />
					<Add directory="../Common_12.18.2015/OpenGL/OGX/Source" />
				</Compiler>
				<Linker>
					<Add option="-s" />
					<Add option="-mwindows" />
					<Add library="libgdiplus" />
				</Linker>
			</Target>
		</Build>
		<Compiler>
			<Add option="-Wall" />
		</Compiler>
		<Linker>
			<Add library="gdi32" />
			<Add library="user32" />
			<Add library="kernel32" />
			<Add library="comctl32" />
		</Linker>
		<Unit filename="../Common_12.18.2015/OpenGL/OGX/Source/Glm_Lite.cpp" />
		<Unit filename="../Common_12.18.2015/OpenGL/OGX/Source/Glm_Lite.h" />
		<Unit filename="../boop/Boop3D.cpp" />
		<Unit filename="../boop/Boop3D.h" />
		<Unit filename="PBox.h" />
		<Unit filename="PCollision.h" />
		<Unit filename="SpocTree.h" />
		<Unit filename="main.cpp" />
		<Extensions>
			<code_completion />
			<envvars />
			<debugger />
			<lib_finder disable_auto="1" />
			<wxsmith version="1">
				<gui name="wxWidgets" src="" main="" init_handlers="necessary" language="CPP" />
			</wxsmith>
		</Extensions>
	</Project>
</CodeBlocks_project_file>
